
Microsoft Visual Studio Solution File, Format Version 12.00
# Visual Studio Version 16
VisualStudioVersion = 16.0.31025.194
MinimumVisualStudioVersion = 10.0.40219.1
Project("{9A19103F-16F7-4668-BE54-9A1E7A4F7556}") = "Accounting", "Accounting\Accounting.csproj", "{CC8A80C3-72DA-4051-BC16-97F783BD4920}"
EndProject
Project("{9A19103F-16F7-4668-BE54-9A1E7A4F7556}") = "eSoft.CashBank", "eSoft.CashBank\eSoft.CashBank.csproj", "{EE766112-DFDA-4383-A1B7-10DEA71429DA}"
EndProject
Project("{9A19103F-16F7-4668-BE54-9A1E7A4F7556}") = "eSoft.Ledger", "eSoft.Ledger\eSoft.Ledger.csproj", "{A3C952D1-215D-4B32-8CBD-35175ADB35F9}"
EndProject
Project("{9A19103F-16F7-4668-BE54-9A1E7A4F7556}") = "eSoft.Fungsi", "eSoft.Fungsi\eSoft.Fungsi.csproj", "{B440989F-2402-4772-B23D-5959466D5879}"
EndProject
Project("{9A19103F-16F7-4668-BE54-9A1E7A4F7556}") = "eSoft.Piutang", "eSoft.Piutang\eSoft.Piutang.csproj", "{B7658A98-8662-4ADA-AA9C-FDFEDCED7344}"
EndProject
Project("{9A19103F-16F7-4668-BE54-9A1E7A4F7556}") = "eSoft.Hutang", "eSoft.Hutang\eSoft.Hutang.csproj", "{F24358AF-4F44-4BD9-867C-329A4C5161B8}"
EndProject
Project("{9A19103F-16F7-4668-BE54-9A1E7A4F7556}") = "eSoft.Persediaan", "eSoft.Persediaan\eSoft.Persediaan.csproj", "{4CF286F0-9F85-4D0A-ADD9-E8DA783AE1FC}"
EndProject
Project("{9A19103F-16F7-4668-BE54-9A1E7A4F7556}") = "eSoft.Pembelian", "eSoft.Pembelian\eSoft.Pembelian.csproj", "{E48BE2E0-DEBB-4357-B0FF-BF2C5AC1656A}"
EndProject
Project("{9A19103F-16F7-4668-BE54-9A1E7A4F7556}") = "eSoft.Penjualan", "eSoft.Penjualan\eSoft.Penjualan.csproj", "{6E6AF7E2-580C-4322-BCFD-BF90A96D48EE}"
EndProject
Project("{9A19103F-16F7-4668-BE54-9A1E7A4F7556}") = "eSoft.Order", "eSoft.Order\eSoft.Order.csproj", "{48E20EEA-DDB9-4922-BF22-02CD3D275BFF}"
EndProject
Global
	GlobalSection(SolutionConfigurationPlatforms) = preSolution
		Debug|Any CPU = Debug|Any CPU
		Release|Any CPU = Release|Any CPU
	EndGlobalSection
	GlobalSection(ProjectConfigurationPlatforms) = postSolution
		{CC8A80C3-72DA-4051-BC16-97F783BD4920}.Debug|Any CPU.ActiveCfg = Debug|Any CPU
		{CC8A80C3-72DA-4051-BC16-97F783BD4920}.Debug|Any CPU.Build.0 = Debug|Any CPU
		{CC8A80C3-72DA-4051-BC16-97F783BD4920}.Release|Any CPU.ActiveCfg = Release|Any CPU
		{CC8A80C3-72DA-4051-BC16-97F783BD4920}.Release|Any CPU.Build.0 = Release|Any CPU
		{EE766112-DFDA-4383-A1B7-10DEA71429DA}.Debug|Any CPU.ActiveCfg = Debug|Any CPU
		{EE766112-DFDA-4383-A1B7-10DEA71429DA}.Debug|Any CPU.Build.0 = Debug|Any CPU
		{EE766112-DFDA-4383-A1B7-10DEA71429DA}.Release|Any CPU.ActiveCfg = Release|Any CPU
		{EE766112-DFDA-4383-A1B7-10DEA71429DA}.Release|Any CPU.Build.0 = Release|Any CPU
		{A3C952D1-215D-4B32-8CBD-35175ADB35F9}.Debug|Any CPU.ActiveCfg = Debug|Any CPU
		{A3C952D1-215D-4B32-8CBD-35175ADB35F9}.Debug|Any CPU.Build.0 = Debug|Any CPU
		{A3C952D1-215D-4B32-8CBD-35175ADB35F9}.Release|Any CPU.ActiveCfg = Release|Any CPU
		{A3C952D1-215D-4B32-8CBD-35175ADB35F9}.Release|Any CPU.Build.0 = Release|Any CPU
		{B440989F-2402-4772-B23D-5959466D5879}.Debug|Any CPU.ActiveCfg = Debug|Any CPU
		{B440989F-2402-4772-B23D-5959466D5879}.Debug|Any CPU.Build.0 = Debug|Any CPU
		{B440989F-2402-4772-B23D-5959466D5879}.Release|Any CPU.ActiveCfg = Release|Any CPU
		{B440989F-2402-4772-B23D-5959466D5879}.Release|Any CPU.Build.0 = Release|Any CPU
		{B7658A98-8662-4ADA-AA9C-FDFEDCED7344}.Debug|Any CPU.ActiveCfg = Debug|Any CPU
		{B7658A98-8662-4ADA-AA9C-FDFEDCED7344}.Debug|Any CPU.Build.0 = Debug|Any CPU
		{B7658A98-8662-4ADA-AA9C-FDFEDCED7344}.Release|Any CPU.ActiveCfg = Release|Any CPU
		{B7658A98-8662-4ADA-AA9C-FDFEDCED7344}.Release|Any CPU.Build.0 = Release|Any CPU
		{F24358AF-4F44-4BD9-867C-329A4C5161B8}.Debug|Any CPU.ActiveCfg = Debug|Any CPU
		{F24358AF-4F44-4BD9-867C-329A4C5161B8}.Debug|Any CPU.Build.0 = Debug|Any CPU
		{F24358AF-4F44-4BD9-867C-329A4C5161B8}.Release|Any CPU.ActiveCfg = Release|Any CPU
		{F24358AF-4F44-4BD9-867C-329A4C5161B8}.Release|Any CPU.Build.0 = Release|Any CPU
		{4CF286F0-9F85-4D0A-ADD9-E8DA783AE1FC}.Debug|Any CPU.ActiveCfg = Debug|Any CPU
		{4CF286F0-9F85-4D0A-ADD9-E8DA783AE1FC}.Debug|Any CPU.Build.0 = Debug|Any CPU
		{4CF286F0-9F85-4D0A-ADD9-E8DA783AE1FC}.Release|Any CPU.ActiveCfg = Release|Any CPU
		{4CF286F0-9F85-4D0A-ADD9-E8DA783AE1FC}.Release|Any CPU.Build.0 = Release|Any CPU
		{E48BE2E0-DEBB-4357-B0FF-BF2C5AC1656A}.Debug|Any CPU.ActiveCfg = Debug|Any CPU
		{E48BE2E0-DEBB-4357-B0FF-BF2C5AC1656A}.Debug|Any CPU.Build.0 = Debug|Any CPU
		{E48BE2E0-DEBB-4357-B0FF-BF2C5AC1656A}.Release|Any CPU.ActiveCfg = Release|Any CPU
		{E48BE2E0-DEBB-4357-B0FF-BF2C5AC1656A}.Release|Any CPU.Build.0 = Release|Any CPU
		{6E6AF7E2-580C-4322-BCFD-BF90A96D48EE}.Debug|Any CPU.ActiveCfg = Debug|Any CPU
		{6E6AF7E2-580C-4322-BCFD-BF90A96D48EE}.Debug|Any CPU.Build.0 = Debug|Any CPU
		{6E6AF7E2-580C-4322-BCFD-BF90A96D48EE}.Release|Any CPU.ActiveCfg = Release|Any CPU
		{6E6AF7E2-580C-4322-BCFD-BF90A96D48EE}.Release|Any CPU.Build.0 = Release|Any CPU
		{48E20EEA-DDB9-4922-BF22-02CD3D275BFF}.Debug|Any CPU.ActiveCfg = Debug|Any CPU
		{48E20EEA-DDB9-4922-BF22-02CD3D275BFF}.Debug|Any CPU.Build.0 = Debug|Any CPU
		{48E20EEA-DDB9-4922-BF22-02CD3D275BFF}.Release|Any CPU.ActiveCfg = Release|Any CPU
		{48E20EEA-DDB9-4922-BF22-02CD3D275BFF}.Release|Any CPU.Build.0 = Release|Any CPU
	EndGlobalSection
	GlobalSection(SolutionProperties) = preSolution
		HideSolutionNode = FALSE
	EndGlobalSection
	GlobalSection(ExtensibilityGlobals) = postSolution
		SolutionGuid = {A8B42E23-820E-4953-B4FA-52234858F5F5}
	EndGlobalSection
EndGlobal
